
Microsoft Visual Studio Solution File, Format Version 12.00
# Visual Studio Version 17
VisualStudioVersion = 17.8.34525.116
MinimumVisualStudioVersion = 10.0.40219.1
Project("{9A19103F-16F7-4668-BE54-9A1E7A4F7556}") = "EmployeeManagement", "EmployeeManagement.csproj", "{EBF14DCF-A35D-4AB2-84E4-6AEE4A3D9FB4}"
EndProject
Project("{FAE04EC0-301F-11D3-BF4B-00C04F79EFBC}") = "EmployeeManagementTests", "..\EmployeeManagementTests\EmployeeManagementTests.csproj", "{81E22990-CF04-4A2F-A9E6-144D9522FCC3}"
EndProject
Global
	GlobalSection(SolutionConfigurationPlatforms) = preSolution
		Debug|Any CPU = Debug|Any CPU
		Release|Any CPU = Release|Any CPU
	EndGlobalSection
	GlobalSection(ProjectConfigurationPlatforms) = postSolution
		{EBF14DCF-A35D-4AB2-84E4-6AEE4A3D9FB4}.Debug|Any CPU.ActiveCfg = Debug|Any CPU
		{EBF14DCF-A35D-4AB2-84E4-6AEE4A3D9FB4}.Debug|Any CPU.Build.0 = Debug|Any CPU
		{EBF14DCF-A35D-4AB2-84E4-6AEE4A3D9FB4}.Release|Any CPU.ActiveCfg = Release|Any CPU
		{EBF14DCF-A35D-4AB2-84E4-6AEE4A3D9FB4}.Release|Any CPU.Build.0 = Release|Any CPU
		{81E22990-CF04-4A2F-A9E6-144D9522FCC3}.Debug|Any CPU.ActiveCfg = Debug|Any CPU
		{81E22990-CF04-4A2F-A9E6-144D9522FCC3}.Debug|Any CPU.Build.0 = Debug|Any CPU
		{81E22990-CF04-4A2F-A9E6-144D9522FCC3}.Release|Any CPU.ActiveCfg = Release|Any CPU
		{81E22990-CF04-4A2F-A9E6-144D9522FCC3}.Release|Any CPU.Build.0 = Release|Any CPU
	EndGlobalSection
	GlobalSection(SolutionProperties) = preSolution
		HideSolutionNode = FALSE
	EndGlobalSection
	GlobalSection(ExtensibilityGlobals) = postSolution
		SolutionGuid = {A7F3D2B2-4117-474A-AA94-DC24EEE73E69}
	EndGlobalSection
EndGlobal
